{
  "name": "my-app",
  "version": "1.0.0",
  "dependencies": {
    "gitify-dependencies-test-errors": {
      "version": "1.0.1",
      "from": "gitify-dependencies-test-errors@>=1.0.1 <2.0.0",
      "dependencies": {
        "xtend": {
          "version": "4.0.1",
          "from": "xtend@>=4.0.1 <5.0.0",
          "resolved": "https://registry.npmjs.org/xtend/-/xtend-4.0.1.tgz"
        }
      }
    },
    "gitify-dependencies-test-schemas": {
      "version": "1.0.1",
      "from": "gitify-dependencies-test-schemas@>=1.0.1 <2.0.0"
    },
    "gitify-dependencies-test-validations": {
      "version": "1.0.1",
      "from": "gitify-dependencies-test-validations@>=1.0.1 <2.0.0"
    },
    "lodash": {
      "version": "4.13.1",
      "from": "lodash@4.13.1",
      "resolved": "https://registry.npmjs.org/lodash/-/lodash-4.13.1.tgz"
    }
  }
}
